// !$*UTF8*$!
{
	archiveVersion = 1;
	classes = {
	};
	objectVersion = 50;
	objects = {

/* Begin PBXBuildFile section */
		BAB70F1C27A60E73006DDE81 /* SingleResponsibilityPrincipleApp.swift in Sources */ = {isa = PBXBuildFile; fileRef = BAB70F1B27A60E73006DDE81 /* SingleResponsibilityPrincipleApp.swift */; };
		BAB70F1E27A60E73006DDE81 /* ContentView.swift in Sources */ = {isa = PBXBuildFile; fileRef = BAB70F1D27A60E73006DDE81 /* ContentView.swift */; };
		BAB70F2027A60E76006DDE81 /* Assets.xcassets in Resources */ = {isa = PBXBuildFile; fileRef = BAB70F1F27A60E76006DDE81 /* Assets.xcassets */; };
		BAB70F2327A60E76006DDE81 /* Preview Assets.xcassets in Resources */ = {isa = PBXBuildFile; fileRef = BAB70F2227A60E76006DDE81 /* Preview Assets.xcassets */; };
		BAB70F2E27A60E76006DDE81 /* SingleResponsibilityPrincipleTests.swift in Sources */ = {isa = PBXBuildFile; fileRef = BAB70F2D27A60E76006DDE81 /* SingleResponsibilityPrincipleTests.swift */; };
		BAB70F3927A60E76006DDE81 /* SingleResponsibilityPrincipleUITests.swift in Sources */ = {isa = PBXBuildFile; fileRef = BAB70F3827A60E76006DDE81 /* SingleResponsibilityPrincipleUITests.swift */; };
		BAB70F4A27A6107D006DDE81 /* SOLID in Resources */ = {isa = PBXBuildFile; fileRef = BAB70F4927A6107D006DDE81 /* SOLID */; };
/* End PBXBuildFile section */

/* Begin PBXContainerItemProxy section */
		BAB70F2A27A60E76006DDE81 /* PBXContainerItemProxy */ = {
			isa = PBXContainerItemProxy;
			containerPortal = BAB70F1027A60E73006DDE81 /* Project object */;
			proxyType = 1;
			remoteGlobalIDString = BAB70F1727A60E73006DDE81;
			remoteInfo = SingleResponsibilityPrinciple;
		};
		BAB70F3527A60E76006DDE81 /* PBXContainerItemProxy */ = {
			isa = PBXContainerItemProxy;
			containerPortal = BAB70F1027A60E73006DDE81 /* Project object */;
			proxyType = 1;
			remoteGlobalIDString = BAB70F1727A60E73006DDE81;
			remoteInfo = SingleResponsibilityPrinciple;
		};
/* End PBXContainerItemProxy section */

/* Begin PBXFileReference section */
		BAB70F1827A60E73006DDE81 /* SingleResponsibilityPrinciple.app */ = {isa = PBXFileReference; explicitFileType = wrapper.application; includeInIndex = 0; path = SingleResponsibilityPrinciple.app; sourceTree = BUILT_PRODUCTS_DIR; };
		BAB70F1B27A60E73006DDE81 /* SingleResponsibilityPrincipleApp.swift */ = {isa = PBXFileReference; lastKnownFileType = sourcecode.swift; path = SingleResponsibilityPrincipleApp.swift; sourceTree = "<group>"; };
		BAB70F1D27A60E73006DDE81 /* ContentView.swift */ = {isa = PBXFileReference; lastKnownFileType = sourcecode.swift; path = ContentView.swift; sourceTree = "<group>"; };
		BAB70F1F27A60E76006DDE81 /* Assets.xcassets */ = {isa = PBXFileReference; lastKnownFileType = folder.assetcatalog; path = Assets.xcassets; sourceTree = "<group>"; };
		BAB70F2227A60E76006DDE81 /* Preview Assets.xcassets */ = {isa = PBXFileReference; lastKnownFileType = folder.assetcatalog; path = "Preview Assets.xcassets"; sourceTree = "<group>"; };
		BAB70F2427A60E76006DDE81 /* Info.plist */ = {isa = PBXFileReference; lastKnownFileType = text.plist.xml; path = Info.plist; sourceTree = "<group>"; };
		BAB70F2927A60E76006DDE81 /* SingleResponsibilityPrincipleTests.xctest */ = {isa = PBXFileReference; explicitFileType = wrapper.cfbundle; includeInIndex = 0; path = SingleResponsibilityPrincipleTests.xctest; sourceTree = BUILT_PRODUCTS_DIR; };
		BAB70F2D27A60E76006DDE81 /* SingleResponsibilityPrincipleTests.swift */ = {isa = PBXFileReference; lastKnownFileType = sourcecode.swift; path = SingleResponsibilityPrincipleTests.swift; sourceTree = "<group>"; };
		BAB70F2F27A60E76006DDE81 /* Info.plist */ = {isa = PBXFileReference; lastKnownFileType = text.plist.xml; path = Info.plist; sourceTree = "<group>"; };
		BAB70F3427A60E76006DDE81 /* SingleResponsibilityPrincipleUITests.xctest */ = {isa = PBXFileReference; explicitFileType = wrapper.cfbundle; includeInIndex = 0; path = SingleResponsibilityPrincipleUITests.xctest; sourceTree = BUILT_PRODUCTS_DIR; };
		BAB70F3827A60E76006DDE81 /* SingleResponsibilityPrincipleUITests.swift */ = {isa = PBXFileReference; lastKnownFileType = sourcecode.swift; path = SingleResponsibilityPrincipleUITests.swift; sourceTree = "<group>"; };
		BAB70F3A27A60E76006DDE81 /* Info.plist */ = {isa = PBXFileReference; lastKnownFileType = text.plist.xml; path = Info.plist; sourceTree = "<group>"; };
		BAB70F4927A6107D006DDE81 /* SOLID */ = {isa = PBXFileReference; lastKnownFileType = folder; path = SOLID; sourceTree = "<group>"; };
/* End PBXFileReference section */

/* Begin PBXFrameworksBuildPhase section */
		BAB70F1527A60E73006DDE81 /* Frameworks */ = {
			isa = PBXFrameworksBuildPhase;
			buildActionMask = 2147483647;
			files = (
			);
			runOnlyForDeploymentPostprocessing = 0;
		};
		BAB70F2627A60E76006DDE81 /* Frameworks */ = {
			isa = PBXFrameworksBuildPhase;
			buildActionMask = 2147483647;
			files = (
			);
			runOnlyForDeploymentPostprocessing = 0;
		};
		BAB70F3127A60E76006DDE81 /* Frameworks */ = {
			isa = PBXFrameworksBuildPhase;
			buildActionMask = 2147483647;
			files = (
			);
			runOnlyForDeploymentPostprocessing = 0;
		};
/* End PBXFrameworksBuildPhase section */

/* Begin PBXGroup section */
		BAB70F0F27A60E73006DDE81 = {
			isa = PBXGroup;
			children = (
				BAB70F1A27A60E73006DDE81 /* SingleResponsibilityPrinciple */,
				BAB70F2C27A60E76006DDE81 /* SingleResponsibilityPrincipleTests */,
				BAB70F3727A60E76006DDE81 /* SingleResponsibilityPrincipleUITests */,
				BAB70F1927A60E73006DDE81 /* Products */,
			);
			sourceTree = "<group>";
		};
		BAB70F1927A60E73006DDE81 /* Products */ = {
			isa = PBXGroup;
			children = (
				BAB70F1827A60E73006DDE81 /* SingleResponsibilityPrinciple.app */,
				BAB70F2927A60E76006DDE81 /* SingleResponsibilityPrincipleTests.xctest */,
				BAB70F3427A60E76006DDE81 /* SingleResponsibilityPrincipleUITests.xctest */,
			);
			name = Products;
			sourceTree = "<group>";
		};
		BAB70F1A27A60E73006DDE81 /* SingleResponsibilityPrinciple */ = {
			isa = PBXGroup;
			children = (
				BAB70F1B27A60E73006DDE81 /* SingleResponsibilityPrincipleApp.swift */,
				BAB70F1D27A60E73006DDE81 /* ContentView.swift */,
				BAB70F4927A6107D006DDE81 /* SOLID */,
				BAB70F1F27A60E76006DDE81 /* Assets.xcassets */,
				BAB70F2427A60E76006DDE81 /* Info.plist */,
				BAB70F2127A60E76006DDE81 /* Preview Content */,
			);
			path = SingleResponsibilityPrinciple;
			sourceTree = "<group>";
		};
		BAB70F2127A60E76006DDE81 /* Preview Content */ = {
			isa = PBXGroup;
			children = (
				BAB70F2227A60E76006DDE81 /* Preview Assets.xcassets */,
			);
			path = "Preview Content";
			sourceTree = "<group>";
		};
		BAB70F2C27A60E76006DDE81 /* SingleResponsibilityPrincipleTests */ = {
			isa = PBXGroup;
			children = (
				BAB70F2D27A60E76006DDE81 /* SingleResponsibilityPrincipleTests.swift */,
				BAB70F2F27A60E76006DDE81 /* Info.plist */,
			);
			path = SingleResponsibilityPrincipleTests;
			sourceTree = "<group>";
		};
		BAB70F3727A60E76006DDE81 /* SingleResponsibilityPrincipleUITests */ = {
			isa = PBXGroup;
			children = (
				BAB70F3827A60E76006DDE81 /* SingleResponsibilityPrincipleUITests.swift */,
				BAB70F3A27A60E76006DDE81 /* Info.plist */,
			);
			path = SingleResponsibilityPrincipleUITests;
			sourceTree = "<group>";
		};
/* End PBXGroup section */

/* Begin PBXNativeTarget section */
		BAB70F1727A60E73006DDE81 /* SingleResponsibilityPrinciple */ = {
			isa = PBXNativeTarget;
			buildConfigurationList = BAB70F3D27A60E76006DDE81 /* Build configuration list for PBXNativeTarget "SingleResponsibilityPrinciple" */;
			buildPhases = (
				BAB70F1427A60E73006DDE81 /* Sources */,
				BAB70F1527A60E73006DDE81 /* Frameworks */,
				BAB70F1627A60E73006DDE81 /* Resources */,
			);
			buildRules = (
			);
			dependencies = (
			);
			name = SingleResponsibilityPrinciple;
			productName = SingleResponsibilityPrinciple;
			productReference = BAB70F1827A60E73006DDE81 /* SingleResponsibilityPrinciple.app */;
			productType = "com.apple.product-type.application";
		};
		BAB70F2827A60E76006DDE81 /* SingleResponsibilityPrincipleTests */ = {
			isa = PBXNativeTarget;
			buildConfigurationList = BAB70F4027A60E76006DDE81 /* Build configuration list for PBXNativeTarget "SingleResponsibilityPrincipleTests" */;
			buildPhases = (
				BAB70F2527A60E76006DDE81 /* Sources */,
				BAB70F2627A60E76006DDE81 /* Frameworks */,
				BAB70F2727A60E76006DDE81 /* Resources */,
			);
			buildRules = (
			);
			dependencies = (
				BAB70F2B27A60E76006DDE81 /* PBXTargetDependency */,
			);
			name = SingleResponsibilityPrincipleTests;
			productName = SingleResponsibilityPrincipleTests;
			productReference = BAB70F2927A60E76006DDE81 /* SingleResponsibilityPrincipleTests.xctest */;
			productType = "com.apple.product-type.bundle.unit-test";
		};
		BAB70F3327A60E76006DDE81 /* SingleResponsibilityPrincipleUITests */ = {
			isa = PBXNativeTarget;
			buildConfigurationList = BAB70F4327A60E76006DDE81 /* Build configuration list for PBXNativeTarget "SingleResponsibilityPrincipleUITests" */;
			buildPhases = (
				BAB70F3027A60E76006DDE81 /* Sources */,
				BAB70F3127A60E76006DDE81 /* Frameworks */,
				BAB70F3227A60E76006DDE81 /* Resources */,
			);
			buildRules = (
			);
			dependencies = (
				BAB70F3627A60E76006DDE81 /* PBXTargetDependency */,
			);
			name = SingleResponsibilityPrincipleUITests;
			productName = SingleResponsibilityPrincipleUITests;
			productReference = BAB70F3427A60E76006DDE81 /* SingleResponsibilityPrincipleUITests.xctest */;
			productType = "com.apple.product-type.bundle.ui-testing";
		};
/* End PBXNativeTarget section */

/* Begin PBXProject section */
		BAB70F1027A60E73006DDE81 /* Project object */ = {
			isa = PBXProject;
			attributes = {
				LastSwiftUpdateCheck = 1240;
				LastUpgradeCheck = 1240;
				TargetAttributes = {
					BAB70F1727A60E73006DDE81 = {
						CreatedOnToolsVersion = 12.4;
					};
					BAB70F2827A60E76006DDE81 = {
						CreatedOnToolsVersion = 12.4;
						TestTargetID = BAB70F1727A60E73006DDE81;
					};
					BAB70F3327A60E76006DDE81 = {
						CreatedOnToolsVersion = 12.4;
						TestTargetID = BAB70F1727A60E73006DDE81;
					};
				};
			};
			buildConfigurationList = BAB70F1327A60E73006DDE81 /* Build configuration list for PBXProject "SingleResponsibilityPrinciple" */;
			compatibilityVersion = "Xcode 9.3";
			developmentRegion = en;
			hasScannedForEncodings = 0;
			knownRegions = (
				en,
				Base,
			);
			mainGroup = BAB70F0F27A60E73006DDE81;
			productRefGroup = BAB70F1927A60E73006DDE81 /* Products */;
			projectDirPath = "";
			projectRoot = "";
			targets = (
				BAB70F1727A60E73006DDE81 /* SingleResponsibilityPrinciple */,
				BAB70F2827A60E76006DDE81 /* SingleResponsibilityPrincipleTests */,
				BAB70F3327A60E76006DDE81 /* SingleResponsibilityPrincipleUITests */,
			);
		};
/* End PBXProject section */

/* Begin PBXResourcesBuildPhase section */
		BAB70F1627A60E73006DDE81 /* Resources */ = {
			isa = PBXResourcesBuildPhase;
			buildActionMask = 2147483647;
			files = (
				BAB70F4A27A6107D006DDE81 /* SOLID in Resources */,
				BAB70F2327A60E76006DDE81 /* Preview Assets.xcassets in Resources */,
				BAB70F2027A60E76006DDE81 /* Assets.xcassets in Resources */,
			);
			runOnlyForDeploymentPostprocessing = 0;
		};
		BAB70F2727A60E76006DDE81 /* Resources */ = {
			isa = PBXResourcesBuildPhase;
			buildActionMask = 2147483647;
			files = (
			);
			runOnlyForDeploymentPostprocessing = 0;
		};
		BAB70F3227A60E76006DDE81 /* Resources */ = {
			isa = PBXResourcesBuildPhase;
			buildActionMask = 2147483647;
			files = (
			);
			runOnlyForDeploymentPostprocessing = 0;
		};
/* End PBXResourcesBuildPhase section */

/* Begin PBXSourcesBuildPhase section */
		BAB70F1427A60E73006DDE81 /* Sources */ = {
			isa = PBXSourcesBuildPhase;
			buildActionMask = 2147483647;
			files = (
				BAB70F1E27A60E73006DDE81 /* ContentView.swift in Sources */,
				BAB70F1C27A60E73006DDE81 /* SingleResponsibilityPrincipleApp.swift in Sources */,
			);
			runOnlyForDeploymentPostprocessing = 0;
		};
		BAB70F2527A60E76006DDE81 /* Sources */ = {
			isa = PBXSourcesBuildPhase;
			buildActionMask = 2147483647;
			files = (
				BAB70F2E27A60E76006DDE81 /* SingleResponsibilityPrincipleTests.swift in Sources */,
			);
			runOnlyForDeploymentPostprocessing = 0;
		};
		BAB70F3027A60E76006DDE81 /* Sources */ = {
			isa = PBXSourcesBuildPhase;
			buildActionMask = 2147483647;
			files = (
				BAB70F3927A60E76006DDE81 /* SingleResponsibilityPrincipleUITests.swift in Sources */,
			);
			runOnlyForDeploymentPostprocessing = 0;
		};
/* End PBXSourcesBuildPhase section */

/* Begin PBXTargetDependency section */
		BAB70F2B27A60E76006DDE81 /* PBXTargetDependency */ = {
			isa = PBXTargetDependency;
			target = BAB70F1727A60E73006DDE81 /* SingleResponsibilityPrinciple */;
			targetProxy = BAB70F2A27A60E76006DDE81 /* PBXContainerItemProxy */;
		};
		BAB70F3627A60E76006DDE81 /* PBXTargetDependency */ = {
			isa = PBXTargetDependency;
			target = BAB70F1727A60E73006DDE81 /* SingleResponsibilityPrinciple */;
			targetProxy = BAB70F3527A60E76006DDE81 /* PBXContainerItemProxy */;
		};
/* End PBXTargetDependency section */

/* Begin XCBuildConfiguration section */
		BAB70F3B27A60E76006DDE81 /* Debug */ = {
			isa = XCBuildConfiguration;
			buildSettings = {
				ALWAYS_SEARCH_USER_PATHS = NO;
				CLANG_ANALYZER_NONNULL = YES;
				CLANG_ANALYZER_NUMBER_OBJECT_CONVERSION = YES_AGGRESSIVE;
				CLANG_CXX_LANGUAGE_STANDARD = "gnu++14";
				CLANG_CXX_LIBRARY = "libc++";
				CLANG_ENABLE_MODULES = YES;
				CLANG_ENABLE_OBJC_ARC = YES;
				CLANG_ENABLE_OBJC_WEAK = YES;
				CLANG_WARN_BLOCK_CAPTURE_AUTORELEASING = YES;
				CLANG_WARN_BOOL_CONVERSION = YES;
				CLANG_WARN_COMMA = YES;
				CLANG_WARN_CONSTANT_CONVERSION = YES;
				CLANG_WARN_DEPRECATED_OBJC_IMPLEMENTATIONS = YES;
				CLANG_WARN_DIRECT_OBJC_ISA_USAGE = YES_ERROR;
				CLANG_WARN_DOCUMENTATION_COMMENTS = YES;
				CLANG_WARN_EMPTY_BODY = YES;
				CLANG_WARN_ENUM_CONVERSION = YES;
				CLANG_WARN_INFINITE_RECURSION = YES;
				CLANG_WARN_INT_CONVERSION = YES;
				CLANG_WARN_NON_LITERAL_NULL_CONVERSION = YES;
				CLANG_WARN_OBJC_IMPLICIT_RETAIN_SELF = YES;
				CLANG_WARN_OBJC_LITERAL_CONVERSION = YES;
				CLANG_WARN_OBJC_ROOT_CLASS = YES_ERROR;
				CLANG_WARN_QUOTED_INCLUDE_IN_FRAMEWORK_HEADER = YES;
				CLANG_WARN_RANGE_LOOP_ANALYSIS = YES;
				CLANG_WARN_STRICT_PROTOTYPES = YES;
				CLANG_WARN_SUSPICIOUS_MOVE = YES;
				CLANG_WARN_UNGUARDED_AVAILABILITY = YES_AGGRESSIVE;
				CLANG_WARN_UNREACHABLE_CODE = YES;
				CLANG_WARN__DUPLICATE_METHOD_MATCH = YES;
				COPY_PHASE_STRIP = NO;
				DEBUG_INFORMATION_FORMAT = dwarf;
				ENABLE_STRICT_OBJC_MSGSEND = YES;
				ENABLE_TESTABILITY = YES;
				GCC_C_LANGUAGE_STANDARD = gnu11;
				GCC_DYNAMIC_NO_PIC = NO;
				GCC_NO_COMMON_BLOCKS = YES;
				GCC_OPTIMIZATION_LEVEL = 0;
				GCC_PREPROCESSOR_DEFINITIONS = (
					"DEBUG=1",
					"$(inherited)",
				);
				GCC_WARN_64_TO_32_BIT_CONVERSION = YES;
				GCC_WARN_ABOUT_RETURN_TYPE = YES_ERROR;
				GCC_WARN_UNDECLARED_SELECTOR = YES;
				GCC_WARN_UNINITIALIZED_AUTOS = YES_AGGRESSIVE;
				GCC_WARN_UNUSED_FUNCTION = YES;
				GCC_WARN_UNUSED_VARIABLE = YES;
				IPHONEOS_DEPLOYMENT_TARGET = 14.4;
				MTL_ENABLE_DEBUG_INFO = INCLUDE_SOURCE;
				MTL_FAST_MATH = YES;
				ONLY_ACTIVE_ARCH = YES;
				SDKROOT = iphoneos;
				SWIFT_ACTIVE_COMPILATION_CONDITIONS = DEBUG;
				SWIFT_OPTIMIZATION_LEVEL = "-Onone";
			};
			name = Debug;
		};
		BAB70F3C27A60E76006DDE81 /* Release */ = {
			isa = XCBuildConfiguration;
			buildSettings = {
				ALWAYS_SEARCH_USER_PATHS = NO;
				CLANG_ANALYZER_NONNULL = YES;
				CLANG_ANALYZER_NUMBER_OBJECT_CONVERSION = YES_AGGRESSIVE;
				CLANG_CXX_LANGUAGE_STANDARD = "gnu++14";
				CLANG_CXX_LIBRARY = "libc++";
				CLANG_ENABLE_MODULES = YES;
				CLANG_ENABLE_OBJC_ARC = YES;
				CLANG_ENABLE_OBJC_WEAK = YES;
				CLANG_WARN_BLOCK_CAPTURE_AUTORELEASING = YES;
				CLANG_WARN_BOOL_CONVERSION = YES;
				CLANG_WARN_COMMA = YES;
				CLANG_WARN_CONSTANT_CONVERSION = YES;
				CLANG_WARN_DEPRECATED_OBJC_IMPLEMENTATIONS = YES;
				CLANG_WARN_DIRECT_OBJC_ISA_USAGE = YES_ERROR;
				CLANG_WARN_DOCUMENTATION_COMMENTS = YES;
				CLANG_WARN_EMPTY_BODY = YES;
				CLANG_WARN_ENUM_CONVERSION = YES;
				CLANG_WARN_INFINITE_RECURSION = YES;
				CLANG_WARN_INT_CONVERSION = YES;
				CLANG_WARN_NON_LITERAL_NULL_CONVERSION = YES;
				CLANG_WARN_OBJC_IMPLICIT_RETAIN_SELF = YES;
				CLANG_WARN_OBJC_LITERAL_CONVERSION = YES;
				CLANG_WARN_OBJC_ROOT_CLASS = YES_ERROR;
				CLANG_WARN_QUOTED_INCLUDE_IN_FRAMEWORK_HEADER = YES;
				CLANG_WARN_RANGE_LOOP_ANALYSIS = YES;
				CLANG_WARN_STRICT_PROTOTYPES = YES;
				CLANG_WARN_SUSPICIOUS_MOVE = YES;
				CLANG_WARN_UNGUARDED_AVAILABILITY = YES_AGGRESSIVE;
				CLANG_WARN_UNREACHABLE_CODE = YES;
				CLANG_WARN__DUPLICATE_METHOD_MATCH = YES;
				COPY_PHASE_STRIP = NO;
				DEBUG_INFORMATION_FORMAT = "dwarf-with-dsym";
				ENABLE_NS_ASSERTIONS = NO;
				ENABLE_STRICT_OBJC_MSGSEND = YES;
				GCC_C_LANGUAGE_STANDARD = gnu11;
				GCC_NO_COMMON_BLOCKS = YES;
				GCC_WARN_64_TO_32_BIT_CONVERSION = YES;
				GCC_WARN_ABOUT_RETURN_TYPE = YES_ERROR;
				GCC_WARN_UNDECLARED_SELECTOR = YES;
				GCC_WARN_UNINITIALIZED_AUTOS = YES_AGGRESSIVE;
				GCC_WARN_UNUSED_FUNCTION = YES;
				GCC_WARN_UNUSED_VARIABLE = YES;
				IPHONEOS_DEPLOYMENT_TARGET = 14.4;
				MTL_ENABLE_DEBUG_INFO = NO;
				MTL_FAST_MATH = YES;
				SDKROOT = iphoneos;
				SWIFT_COMPILATION_MODE = wholemodule;
				SWIFT_OPTIMIZATION_LEVEL = "-O";
				VALIDATE_PRODUCT = YES;
			};
			name = Release;
		};
		BAB70F3E27A60E76006DDE81 /* Debug */ = {
			isa = XCBuildConfiguration;
			buildSettings = {
				ASSETCATALOG_COMPILER_APPICON_NAME = AppIcon;
				ASSETCATALOG_COMPILER_GLOBAL_ACCENT_COLOR_NAME = AccentColor;
				CODE_SIGN_STYLE = Automatic;
				DEVELOPMENT_ASSET_PATHS = "\"SingleResponsibilityPrinciple/Preview Content\"";
				DEVELOPMENT_TEAM = R4Z59DWG28;
				ENABLE_PREVIEWS = YES;
				INFOPLIST_FILE = SingleResponsibilityPrinciple/Info.plist;
				IPHONEOS_DEPLOYMENT_TARGET = 14.0;
				LD_RUNPATH_SEARCH_PATHS = (
					"$(inherited)",
					"@executable_path/Frameworks",
				);
				PRODUCT_BUNDLE_IDENTIFIER = aspadafora.SingleResponsibilityPrinciple;
				PRODUCT_NAME = "$(TARGET_NAME)";
				SWIFT_VERSION = 5.0;
				TARGETED_DEVICE_FAMILY = "1,2";
			};
			name = Debug;
		};
		BAB70F3F27A60E76006DDE81 /* Release */ = {
			isa = XCBuildConfiguration;
			buildSettings = {
				ASSETCATALOG_COMPILER_APPICON_NAME = AppIcon;
				ASSETCATALOG_COMPILER_GLOBAL_ACCENT_COLOR_NAME = AccentColor;
				CODE_SIGN_STYLE = Automatic;
				DEVELOPMENT_ASSET_PATHS = "\"SingleResponsibilityPrinciple/Preview Content\"";
				DEVELOPMENT_TEAM = R4Z59DWG28;
				ENABLE_PREVIEWS = YES;
				INFOPLIST_FILE = SingleResponsibilityPrinciple/Info.plist;
				IPHONEOS_DEPLOYMENT_TARGET = 14.0;
				LD_RUNPATH_SEARCH_PATHS = (
					"$(inherited)",
					"@executable_path/Frameworks",
				);
				PRODUCT_BUNDLE_IDENTIFIER = aspadafora.SingleResponsibilityPrinciple;
				PRODUCT_NAME = "$(TARGET_NAME)";
				SWIFT_VERSION = 5.0;
				TARGETED_DEVICE_FAMILY = "1,2";
			};
			name = Release;
		};
		BAB70F4127A60E76006DDE81 /* Debug */ = {
			isa = XCBuildConfiguration;
			buildSettings = {
				ALWAYS_EMBED_SWIFT_STANDARD_LIBRARIES = YES;
				BUNDLE_LOADER = "$(TEST_HOST)";
				CODE_SIGN_STYLE = Automatic;
				DEVELOPMENT_TEAM = R4Z59DWG28;
				INFOPLIST_FILE = SingleResponsibilityPrincipleTests/Info.plist;
				IPHONEOS_DEPLOYMENT_TARGET = 14.0;
				LD_RUNPATH_SEARCH_PATHS = (
					"$(inherited)",
					"@executable_path/Frameworks",
					"@loader_path/Frameworks",
				);
				PRODUCT_BUNDLE_IDENTIFIER = aspadafora.SingleResponsibilityPrincipleTests;
				PRODUCT_NAME = "$(TARGET_NAME)";
				SWIFT_VERSION = 5.0;
				TARGETED_DEVICE_FAMILY = "1,2";
				TEST_HOST = "$(BUILT_PRODUCTS_DIR)/SingleResponsibilityPrinciple.app/SingleResponsibilityPrinciple";
			};
			name = Debug;
		};
		BAB70F4227A60E76006DDE81 /* Release */ = {
			isa = XCBuildConfiguration;
			buildSettings = {
				ALWAYS_EMBED_SWIFT_STANDARD_LIBRARIES = YES;
				BUNDLE_LOADER = "$(TEST_HOST)";
				CODE_SIGN_STYLE = Automatic;
				DEVELOPMENT_TEAM = R4Z59DWG28;
				INFOPLIST_FILE = SingleResponsibilityPrincipleTests/Info.plist;
				IPHONEOS_DEPLOYMENT_TARGET = 14.0;
				LD_RUNPATH_SEARCH_PATHS = (
					"$(inherited)",
					"@executable_path/Frameworks",
					"@loader_path/Frameworks",
				);
				PRODUCT_BUNDLE_IDENTIFIER = aspadafora.SingleResponsibilityPrincipleTests;
				PRODUCT_NAME = "$(TARGET_NAME)";
				SWIFT_VERSION = 5.0;
				TARGETED_DEVICE_FAMILY = "1,2";
				TEST_HOST = "$(BUILT_PRODUCTS_DIR)/SingleResponsibilityPrinciple.app/SingleResponsibilityPrinciple";
			};
			name = Release;
		};
		BAB70F4427A60E76006DDE81 /* Debug */ = {
			isa = XCBuildConfiguration;
			buildSettings = {
				ALWAYS_EMBED_SWIFT_STANDARD_LIBRARIES = YES;
				CODE_SIGN_STYLE = Automatic;
				DEVELOPMENT_TEAM = R4Z59DWG28;
				INFOPLIST_FILE = SingleResponsibilityPrincipleUITests/Info.plist;
				LD_RUNPATH_SEARCH_PATHS = (
					"$(inherited)",
					"@executable_path/Frameworks",
					"@loader_path/Frameworks",
				);
				PRODUCT_BUNDLE_IDENTIFIER = aspadafora.SingleResponsibilityPrincipleUITests;
				PRODUCT_NAME = "$(TARGET_NAME)";
				SWIFT_VERSION = 5.0;
				TARGETED_DEVICE_FAMILY = "1,2";
				TEST_TARGET_NAME = SingleResponsibilityPrinciple;
			};
			name = Debug;
		};
		BAB70F4527A60E76006DDE81 /* Release */ = {
			isa = XCBuildConfiguration;
			buildSettings = {
				ALWAYS_EMBED_SWIFT_STANDARD_LIBRARIES = YES;
				CODE_SIGN_STYLE = Automatic;
				DEVELOPMENT_TEAM = R4Z59DWG28;
				INFOPLIST_FILE = SingleResponsibilityPrincipleUITests/Info.plist;
				LD_RUNPATH_SEARCH_PATHS = (
					"$(inherited)",
					"@executable_path/Frameworks",
					"@loader_path/Frameworks",
				);
				PRODUCT_BUNDLE_IDENTIFIER = aspadafora.SingleResponsibilityPrincipleUITests;
				PRODUCT_NAME = "$(TARGET_NAME)";
				SWIFT_VERSION = 5.0;
				TARGETED_DEVICE_FAMILY = "1,2";
				TEST_TARGET_NAME = SingleResponsibilityPrinciple;
			};
			name = Release;
		};
/* End XCBuildConfiguration section */

/* Begin XCConfigurationList section */
		BAB70F1327A60E73006DDE81 /* Build configuration list for PBXProject "SingleResponsibilityPrinciple" */ = {
			isa = XCConfigurationList;
			buildConfigurations = (
				BAB70F3B27A60E76006DDE81 /* Debug */,
				BAB70F3C27A60E76006DDE81 /* Release */,
			);
			defaultConfigurationIsVisible = 0;
			defaultConfigurationName = Release;
		};
		BAB70F3D27A60E76006DDE81 /* Build configuration list for PBXNativeTarget "SingleResponsibilityPrinciple" */ = {
			isa = XCConfigurationList;
			buildConfigurations = (
				BAB70F3E27A60E76006DDE81 /* Debug */,
				BAB70F3F27A60E76006DDE81 /* Release */,
			);
			defaultConfigurationIsVisible = 0;
			defaultConfigurationName = Release;
		};
		BAB70F4027A60E76006DDE81 /* Build configuration list for PBXNativeTarget "SingleResponsibilityPrincipleTests" */ = {
			isa = XCConfigurationList;
			buildConfigurations = (
				BAB70F4127A60E76006DDE81 /* Debug */,
				BAB70F4227A60E76006DDE81 /* Release */,
			);
			defaultConfigurationIsVisible = 0;
			defaultConfigurationName = Release;
		};
		BAB70F4327A60E76006DDE81 /* Build configuration list for PBXNativeTarget "SingleResponsibilityPrincipleUITests" */ = {
			isa = XCConfigurationList;
			buildConfigurations = (
				BAB70F4427A60E76006DDE81 /* Debug */,
				BAB70F4527A60E76006DDE81 /* Release */,
			);
			defaultConfigurationIsVisible = 0;
			defaultConfigurationName = Release;
		};
/* End XCConfigurationList section */
	};
	rootObject = BAB70F1027A60E73006DDE81 /* Project object */;
}
